
Microsoft Visual Studio Solution File, Format Version 12.00
# Visual Studio Version 16
VisualStudioVersion = 16.0.31911.196
MinimumVisualStudioVersion = 10.0.40219.1
Project("{9A19103F-16F7-4668-BE54-9A1E7A4F7556}") = "CargoBot", "CargoBot\CargoBot.csproj", "{EC863181-34CC-4D74-A5DA-9D4C3817943C}"
EndProject
Global
	GlobalSection(SolutionConfigurationPlatforms) = preSolution
		Debug|Any CPU = Debug|Any CPU
		Release|Any CPU = Release|Any CPU
	EndGlobalSection
	GlobalSection(ProjectConfigurationPlatforms) = postSolution
		{EC863181-34CC-4D74-A5DA-9D4C3817943C}.Debug|Any CPU.ActiveCfg = Debug|Any CPU
		{EC863181-34CC-4D74-A5DA-9D4C3817943C}.Debug|Any CPU.Build.0 = Debug|Any CPU
		{EC863181-34CC-4D74-A5DA-9D4C3817943C}.Release|Any CPU.ActiveCfg = Release|Any CPU
		{EC863181-34CC-4D74-A5DA-9D4C3817943C}.Release|Any CPU.Build.0 = Release|Any CPU
	EndGlobalSection
	GlobalSection(SolutionProperties) = preSolution
		HideSolutionNode = FALSE
	EndGlobalSection
	GlobalSection(ExtensibilityGlobals) = postSolution
		SolutionGuid = {63D75AEF-CF83-4034-B4F1-B40018373CE6}
	EndGlobalSection
EndGlobal
